# This file is automatically @generated by Cargo.
# It is not intended for manual editing.
version = 4

[[package]]
name = "demo"
version = "0.1.0"
dependencies = [
 "rustyorm_core",
]

[[package]]
name = "rustyorm"
version = "0.1.0"

[[package]]
name = "rustyorm_core"
version = "0.1.0"

[[package]]
name = "rustyorm_macros"
version = "0.1.0"
